
Microsoft Visual Studio Solution File, Format Version 12.00
# Visual Studio Version 17
VisualStudioVersion = 17.3.32825.248
MinimumVisualStudioVersion = 10.0.40219.1
Project("{FAE04EC0-301F-11D3-BF4B-00C04F79EFBC}") = "WebWidgetsAPI", "WebWidgetsAPI\WebWidgetsAPI.csproj", "{ADC9B497-6D02-4983-A1DA-21AACB9ED3A3}"
EndProject
Global
	GlobalSection(SolutionConfigurationPlatforms) = preSolution
		Debug|Any CPU = Debug|Any CPU
		Release|Any CPU = Release|Any CPU
	EndGlobalSection
	GlobalSection(ProjectConfigurationPlatforms) = postSolution
		{ADC9B497-6D02-4983-A1DA-21AACB9ED3A3}.Debug|Any CPU.ActiveCfg = Debug|Any CPU
		{ADC9B497-6D02-4983-A1DA-21AACB9ED3A3}.Debug|Any CPU.Build.0 = Debug|Any CPU
		{ADC9B497-6D02-4983-A1DA-21AACB9ED3A3}.Release|Any CPU.ActiveCfg = Release|Any CPU
		{ADC9B497-6D02-4983-A1DA-21AACB9ED3A3}.Release|Any CPU.Build.0 = Release|Any CPU
	EndGlobalSection
	GlobalSection(SolutionProperties) = preSolution
		HideSolutionNode = FALSE
	EndGlobalSection
	GlobalSection(ExtensibilityGlobals) = postSolution
		SolutionGuid = {6925488A-C41F-41CA-B27A-1184CDFA06EB}
	EndGlobalSection
EndGlobal
